
Microsoft Visual Studio Solution File, Format Version 12.00
# Visual Studio 14
VisualStudioVersion = 14.0.25420.1
MinimumVisualStudioVersion = 10.0.40219.1
Project("{FAE04EC0-301F-11D3-BF4B-00C04F79EFBC}") = "AccesoDatos", "AplicacionIACYM\AccesoDatos.csproj", "{59614034-7F63-43C6-A787-592CE7DBEAE5}"
EndProject
Project("{FAE04EC0-301F-11D3-BF4B-00C04F79EFBC}") = "CapaNegocio", "Entidades\CapaNegocio.csproj", "{C66DB55F-306F-4A99-B980-C6722280D3E2}"
EndProject
Project("{FAE04EC0-301F-11D3-BF4B-00C04F79EFBC}") = "CapaPresentacion", "CapaPresentacion\CapaPresentacion.csproj", "{6B502B43-615E-4921-951B-36B7DCBA11C9}"
EndProject
Project("{FAE04EC0-301F-11D3-BF4B-00C04F79EFBC}") = "Helpers", "Helpers\Helpers.csproj", "{1D0B3C18-A5E8-4AAD-838D-DCB8FA9F6E63}"
EndProject
Global
	GlobalSection(SolutionConfigurationPlatforms) = preSolution
		Debug|Any CPU = Debug|Any CPU
		Release|Any CPU = Release|Any CPU
	EndGlobalSection
	GlobalSection(ProjectConfigurationPlatforms) = postSolution
		{59614034-7F63-43C6-A787-592CE7DBEAE5}.Debug|Any CPU.ActiveCfg = Debug|Any CPU
		{59614034-7F63-43C6-A787-592CE7DBEAE5}.Debug|Any CPU.Build.0 = Debug|Any CPU
		{59614034-7F63-43C6-A787-592CE7DBEAE5}.Release|Any CPU.ActiveCfg = Release|Any CPU
		{59614034-7F63-43C6-A787-592CE7DBEAE5}.Release|Any CPU.Build.0 = Release|Any CPU
		{C66DB55F-306F-4A99-B980-C6722280D3E2}.Debug|Any CPU.ActiveCfg = Debug|Any CPU
		{C66DB55F-306F-4A99-B980-C6722280D3E2}.Debug|Any CPU.Build.0 = Debug|Any CPU
		{C66DB55F-306F-4A99-B980-C6722280D3E2}.Release|Any CPU.ActiveCfg = Release|Any CPU
		{C66DB55F-306F-4A99-B980-C6722280D3E2}.Release|Any CPU.Build.0 = Release|Any CPU
		{6B502B43-615E-4921-951B-36B7DCBA11C9}.Debug|Any CPU.ActiveCfg = Debug|Any CPU
		{6B502B43-615E-4921-951B-36B7DCBA11C9}.Debug|Any CPU.Build.0 = Debug|Any CPU
		{6B502B43-615E-4921-951B-36B7DCBA11C9}.Release|Any CPU.ActiveCfg = Release|Any CPU
		{6B502B43-615E-4921-951B-36B7DCBA11C9}.Release|Any CPU.Build.0 = Release|Any CPU
		{1D0B3C18-A5E8-4AAD-838D-DCB8FA9F6E63}.Debug|Any CPU.ActiveCfg = Debug|Any CPU
		{1D0B3C18-A5E8-4AAD-838D-DCB8FA9F6E63}.Debug|Any CPU.Build.0 = Debug|Any CPU
		{1D0B3C18-A5E8-4AAD-838D-DCB8FA9F6E63}.Release|Any CPU.ActiveCfg = Release|Any CPU
		{1D0B3C18-A5E8-4AAD-838D-DCB8FA9F6E63}.Release|Any CPU.Build.0 = Release|Any CPU
	EndGlobalSection
	GlobalSection(SolutionProperties) = preSolution
		HideSolutionNode = FALSE
	EndGlobalSection
EndGlobal
